// !$*UTF8*$!
{
	archiveVersion = 1;
	classes = {
	};
	objectVersion = 56;
	objects = {

/* Begin PBXBuildFile section */
		1B98FDB52B381D50005AA332 /* main.cpp in Sources */ = {isa = PBXBuildFile; fileRef = 1B98FDB42B381D50005AA332 /* main.cpp */; };
		1B98FDBD2B381DDC005AA332 /* OpenGL.framework in Frameworks */ = {isa = PBXBuildFile; fileRef = 1B98FDBC2B381DDC005AA332 /* OpenGL.framework */; };
		1B98FDC02B381E3B005AA332 /* libglfw.3.dylib in Embed Libraries */ = {isa = PBXBuildFile; fileRef = 1B98FDBE2B381E3B005AA332 /* libglfw.3.dylib */; settings = {ATTRIBUTES = (CodeSignOnCopy, ); }; };
		1B98FDC42B3821AE005AA332 /* lib in Frameworks */ = {isa = PBXBuildFile; fileRef = 1B98FDC32B3821AE005AA332 /* lib */; };
		1B98FDC62B3821CF005AA332 /* lib in Frameworks */ = {isa = PBXBuildFile; fileRef = 1B98FDC52B3821CF005AA332 /* lib */; };
/* End PBXBuildFile section */

/* Begin PBXCopyFilesBuildPhase section */
		1B98FDAF2B381D50005AA332 /* CopyFiles */ = {
			isa = PBXCopyFilesBuildPhase;
			buildActionMask = 2147483647;
			dstPath = /usr/share/man/man1/;
			dstSubfolderSpec = 0;
			files = (
			);
			runOnlyForDeploymentPostprocessing = 1;
		};
		1B98FDC12B381E3B005AA332 /* Embed Libraries */ = {
			isa = PBXCopyFilesBuildPhase;
			buildActionMask = 2147483647;
			dstPath = "";
			dstSubfolderSpec = 10;
			files = (
				1B98FDC02B381E3B005AA332 /* libglfw.3.dylib in Embed Libraries */,
			);
			name = "Embed Libraries";
			runOnlyForDeploymentPostprocessing = 0;
		};
/* End PBXCopyFilesBuildPhase section */

/* Begin PBXFileReference section */
		1B98FDB12B381D50005AA332 /* MyLearnOpenGLOnMac */ = {isa = PBXFileReference; explicitFileType = "compiled.mach-o.executable"; includeInIndex = 0; path = MyLearnOpenGLOnMac; sourceTree = BUILT_PRODUCTS_DIR; };
		1B98FDB42B381D50005AA332 /* main.cpp */ = {isa = PBXFileReference; lastKnownFileType = sourcecode.cpp.cpp; path = main.cpp; sourceTree = "<group>"; };
		1B98FDBC2B381DDC005AA332 /* OpenGL.framework */ = {isa = PBXFileReference; lastKnownFileType = wrapper.framework; name = OpenGL.framework; path = System/Library/Frameworks/OpenGL.framework; sourceTree = SDKROOT; };
		1B98FDBE2B381E3B005AA332 /* libglfw.3.dylib */ = {isa = PBXFileReference; lastKnownFileType = "compiled.mach-o.dylib"; name = libglfw.3.dylib; path = "../../Downloads/glfw-3.3.9.bin.MACOS/lib-arm64/libglfw.3.dylib"; sourceTree = "<group>"; };
		1B98FDC22B381E6F005AA332 /* libglfw3.a */ = {isa = PBXFileReference; lastKnownFileType = archive.ar; name = libglfw3.a; path = "../../Downloads/glfw-3.3.9.bin.MACOS/lib-arm64/libglfw3.a"; sourceTree = "<group>"; };
		1B98FDC32B3821AE005AA332 /* lib */ = {isa = PBXFileReference; lastKnownFileType = folder; name = lib; path = ../../../../opt/homebrew/Cellar/glew/2.2.0_1/lib; sourceTree = "<group>"; };
		1B98FDC52B3821CF005AA332 /* lib */ = {isa = PBXFileReference; lastKnownFileType = folder; name = lib; path = ../../../../opt/homebrew/Cellar/glfw/3.3.9/lib; sourceTree = "<group>"; };
/* End PBXFileReference section */

/* Begin PBXFrameworksBuildPhase section */
		1B98FDAE2B381D50005AA332 /* Frameworks */ = {
			isa = PBXFrameworksBuildPhase;
			buildActionMask = 2147483647;
			files = (
				1B98FDC62B3821CF005AA332 /* lib in Frameworks */,
				1B98FDC42B3821AE005AA332 /* lib in Frameworks */,
				1B98FDBD2B381DDC005AA332 /* OpenGL.framework in Frameworks */,
			);
			runOnlyForDeploymentPostprocessing = 0;
		};
/* End PBXFrameworksBuildPhase section */

/* Begin PBXGroup section */
		1B98FDA82B381D50005AA332 = {
			isa = PBXGroup;
			children = (
				1B98FDB32B381D50005AA332 /* MyLearnOpenGLOnMac */,
				1B98FDB22B381D50005AA332 /* Products */,
				1B98FDBB2B381DDC005AA332 /* Frameworks */,
			);
			sourceTree = "<group>";
		};
		1B98FDB22B381D50005AA332 /* Products */ = {
			isa = PBXGroup;
			children = (
				1B98FDB12B381D50005AA332 /* MyLearnOpenGLOnMac */,
			);
			name = Products;
			sourceTree = "<group>";
		};
		1B98FDB32B381D50005AA332 /* MyLearnOpenGLOnMac */ = {
			isa = PBXGroup;
			children = (
				1B98FDB42B381D50005AA332 /* main.cpp */,
			);
			path = MyLearnOpenGLOnMac;
			sourceTree = "<group>";
		};
		1B98FDBB2B381DDC005AA332 /* Frameworks */ = {
			isa = PBXGroup;
			children = (
				1B98FDC32B3821AE005AA332 /* lib */,
				1B98FDC52B3821CF005AA332 /* lib */,
				1B98FDC22B381E6F005AA332 /* libglfw3.a */,
				1B98FDBE2B381E3B005AA332 /* libglfw.3.dylib */,
				1B98FDBC2B381DDC005AA332 /* OpenGL.framework */,
			);
			name = Frameworks;
			sourceTree = "<group>";
		};
/* End PBXGroup section */

/* Begin PBXNativeTarget section */
		1B98FDB02B381D50005AA332 /* MyLearnOpenGLOnMac */ = {
			isa = PBXNativeTarget;
			buildConfigurationList = 1B98FDB82B381D50005AA332 /* Build configuration list for PBXNativeTarget "MyLearnOpenGLOnMac" */;
			buildPhases = (
				1B98FDAD2B381D50005AA332 /* Sources */,
				1B98FDAE2B381D50005AA332 /* Frameworks */,
				1B98FDAF2B381D50005AA332 /* CopyFiles */,
				1B98FDC12B381E3B005AA332 /* Embed Libraries */,
			);
			buildRules = (
			);
			dependencies = (
			);
			name = MyLearnOpenGLOnMac;
			productName = MyLearnOpenGLOnMac;
			productReference = 1B98FDB12B381D50005AA332 /* MyLearnOpenGLOnMac */;
			productType = "com.apple.product-type.tool";
		};
/* End PBXNativeTarget section */

/* Begin PBXProject section */
		1B98FDA92B381D50005AA332 /* Project object */ = {
			isa = PBXProject;
			attributes = {
				BuildIndependentTargetsInParallel = 1;
				LastUpgradeCheck = 1510;
				TargetAttributes = {
					1B98FDB02B381D50005AA332 = {
						CreatedOnToolsVersion = 15.1;
					};
				};
			};
			buildConfigurationList = 1B98FDAC2B381D50005AA332 /* Build configuration list for PBXProject "MyLearnOpenGLOnMac" */;
			compatibilityVersion = "Xcode 14.0";
			developmentRegion = en;
			hasScannedForEncodings = 0;
			knownRegions = (
				en,
				Base,
			);
			mainGroup = 1B98FDA82B381D50005AA332;
			productRefGroup = 1B98FDB22B381D50005AA332 /* Products */;
			projectDirPath = "";
			projectRoot = "";
			targets = (
				1B98FDB02B381D50005AA332 /* MyLearnOpenGLOnMac */,
			);
		};
/* End PBXProject section */

/* Begin PBXSourcesBuildPhase section */
		1B98FDAD2B381D50005AA332 /* Sources */ = {
			isa = PBXSourcesBuildPhase;
			buildActionMask = 2147483647;
			files = (
				1B98FDB52B381D50005AA332 /* main.cpp in Sources */,
			);
			runOnlyForDeploymentPostprocessing = 0;
		};
/* End PBXSourcesBuildPhase section */

/* Begin XCBuildConfiguration section */
		1B98FDB62B381D50005AA332 /* Debug */ = {
			isa = XCBuildConfiguration;
			buildSettings = {
				ALWAYS_SEARCH_USER_PATHS = NO;
				ASSETCATALOG_COMPILER_GENERATE_SWIFT_ASSET_SYMBOL_EXTENSIONS = YES;
				CLANG_ANALYZER_NONNULL = YES;
				CLANG_ANALYZER_NUMBER_OBJECT_CONVERSION = YES_AGGRESSIVE;
				CLANG_CXX_LANGUAGE_STANDARD = "gnu++20";
				CLANG_ENABLE_MODULES = YES;
				CLANG_ENABLE_OBJC_ARC = YES;
				CLANG_ENABLE_OBJC_WEAK = YES;
				CLANG_WARN_BLOCK_CAPTURE_AUTORELEASING = YES;
				CLANG_WARN_BOOL_CONVERSION = YES;
				CLANG_WARN_COMMA = YES;
				CLANG_WARN_CONSTANT_CONVERSION = YES;
				CLANG_WARN_DEPRECATED_OBJC_IMPLEMENTATIONS = YES;
				CLANG_WARN_DIRECT_OBJC_ISA_USAGE = YES_ERROR;
				CLANG_WARN_DOCUMENTATION_COMMENTS = YES;
				CLANG_WARN_EMPTY_BODY = YES;
				CLANG_WARN_ENUM_CONVERSION = YES;
				CLANG_WARN_INFINITE_RECURSION = YES;
				CLANG_WARN_INT_CONVERSION = YES;
				CLANG_WARN_NON_LITERAL_NULL_CONVERSION = YES;
				CLANG_WARN_OBJC_IMPLICIT_RETAIN_SELF = YES;
				CLANG_WARN_OBJC_LITERAL_CONVERSION = YES;
				CLANG_WARN_OBJC_ROOT_CLASS = YES_ERROR;
				CLANG_WARN_QUOTED_INCLUDE_IN_FRAMEWORK_HEADER = YES;
				CLANG_WARN_RANGE_LOOP_ANALYSIS = YES;
				CLANG_WARN_STRICT_PROTOTYPES = YES;
				CLANG_WARN_SUSPICIOUS_MOVE = YES;
				CLANG_WARN_UNGUARDED_AVAILABILITY = YES_AGGRESSIVE;
				CLANG_WARN_UNREACHABLE_CODE = YES;
				CLANG_WARN__DUPLICATE_METHOD_MATCH = YES;
				COPY_PHASE_STRIP = NO;
				DEBUG_INFORMATION_FORMAT = dwarf;
				ENABLE_STRICT_OBJC_MSGSEND = YES;
				ENABLE_TESTABILITY = YES;
				ENABLE_USER_SCRIPT_SANDBOXING = YES;
				GCC_C_LANGUAGE_STANDARD = gnu17;
				GCC_DYNAMIC_NO_PIC = NO;
				GCC_NO_COMMON_BLOCKS = YES;
				GCC_OPTIMIZATION_LEVEL = 0;
				GCC_PREPROCESSOR_DEFINITIONS = (
					"DEBUG=1",
					"$(inherited)",
				);
				GCC_WARN_64_TO_32_BIT_CONVERSION = YES;
				GCC_WARN_ABOUT_RETURN_TYPE = YES_ERROR;
				GCC_WARN_UNDECLARED_SELECTOR = YES;
				GCC_WARN_UNINITIALIZED_AUTOS = YES_AGGRESSIVE;
				GCC_WARN_UNUSED_FUNCTION = YES;
				GCC_WARN_UNUSED_VARIABLE = YES;
				LOCALIZATION_PREFERS_STRING_CATALOGS = YES;
				MACOSX_DEPLOYMENT_TARGET = 14.1;
				MTL_ENABLE_DEBUG_INFO = INCLUDE_SOURCE;
				MTL_FAST_MATH = YES;
				ONLY_ACTIVE_ARCH = YES;
				SDKROOT = macosx;
			};
			name = Debug;
		};
		1B98FDB72B381D50005AA332 /* Release */ = {
			isa = XCBuildConfiguration;
			buildSettings = {
				ALWAYS_SEARCH_USER_PATHS = NO;
				ASSETCATALOG_COMPILER_GENERATE_SWIFT_ASSET_SYMBOL_EXTENSIONS = YES;
				CLANG_ANALYZER_NONNULL = YES;
				CLANG_ANALYZER_NUMBER_OBJECT_CONVERSION = YES_AGGRESSIVE;
				CLANG_CXX_LANGUAGE_STANDARD = "gnu++20";
				CLANG_ENABLE_MODULES = YES;
				CLANG_ENABLE_OBJC_ARC = YES;
				CLANG_ENABLE_OBJC_WEAK = YES;
				CLANG_WARN_BLOCK_CAPTURE_AUTORELEASING = YES;
				CLANG_WARN_BOOL_CONVERSION = YES;
				CLANG_WARN_COMMA = YES;
				CLANG_WARN_CONSTANT_CONVERSION = YES;
				CLANG_WARN_DEPRECATED_OBJC_IMPLEMENTATIONS = YES;
				CLANG_WARN_DIRECT_OBJC_ISA_USAGE = YES_ERROR;
				CLANG_WARN_DOCUMENTATION_COMMENTS = YES;
				CLANG_WARN_EMPTY_BODY = YES;
				CLANG_WARN_ENUM_CONVERSION = YES;
				CLANG_WARN_INFINITE_RECURSION = YES;
				CLANG_WARN_INT_CONVERSION = YES;
				CLANG_WARN_NON_LITERAL_NULL_CONVERSION = YES;
				CLANG_WARN_OBJC_IMPLICIT_RETAIN_SELF = YES;
				CLANG_WARN_OBJC_LITERAL_CONVERSION = YES;
				CLANG_WARN_OBJC_ROOT_CLASS = YES_ERROR;
				CLANG_WARN_QUOTED_INCLUDE_IN_FRAMEWORK_HEADER = YES;
				CLANG_WARN_RANGE_LOOP_ANALYSIS = YES;
				CLANG_WARN_STRICT_PROTOTYPES = YES;
				CLANG_WARN_SUSPICIOUS_MOVE = YES;
				CLANG_WARN_UNGUARDED_AVAILABILITY = YES_AGGRESSIVE;
				CLANG_WARN_UNREACHABLE_CODE = YES;
				CLANG_WARN__DUPLICATE_METHOD_MATCH = YES;
				COPY_PHASE_STRIP = NO;
				DEBUG_INFORMATION_FORMAT = "dwarf-with-dsym";
				ENABLE_NS_ASSERTIONS = NO;
				ENABLE_STRICT_OBJC_MSGSEND = YES;
				ENABLE_USER_SCRIPT_SANDBOXING = YES;
				GCC_C_LANGUAGE_STANDARD = gnu17;
				GCC_NO_COMMON_BLOCKS = YES;
				GCC_WARN_64_TO_32_BIT_CONVERSION = YES;
				GCC_WARN_ABOUT_RETURN_TYPE = YES_ERROR;
				GCC_WARN_UNDECLARED_SELECTOR = YES;
				GCC_WARN_UNINITIALIZED_AUTOS = YES_AGGRESSIVE;
				GCC_WARN_UNUSED_FUNCTION = YES;
				GCC_WARN_UNUSED_VARIABLE = YES;
				LOCALIZATION_PREFERS_STRING_CATALOGS = YES;
				MACOSX_DEPLOYMENT_TARGET = 14.1;
				MTL_ENABLE_DEBUG_INFO = NO;
				MTL_FAST_MATH = YES;
				SDKROOT = macosx;
			};
			name = Release;
		};
		1B98FDB92B381D50005AA332 /* Debug */ = {
			isa = XCBuildConfiguration;
			buildSettings = {
				CODE_SIGN_STYLE = Automatic;
				PRODUCT_NAME = "$(TARGET_NAME)";
			};
			name = Debug;
		};
		1B98FDBA2B381D50005AA332 /* Release */ = {
			isa = XCBuildConfiguration;
			buildSettings = {
				CODE_SIGN_STYLE = Automatic;
				PRODUCT_NAME = "$(TARGET_NAME)";
			};
			name = Release;
		};
/* End XCBuildConfiguration section */

/* Begin XCConfigurationList section */
		1B98FDAC2B381D50005AA332 /* Build configuration list for PBXProject "MyLearnOpenGLOnMac" */ = {
			isa = XCConfigurationList;
			buildConfigurations = (
				1B98FDB62B381D50005AA332 /* Debug */,
				1B98FDB72B381D50005AA332 /* Release */,
			);
			defaultConfigurationIsVisible = 0;
			defaultConfigurationName = Release;
		};
		1B98FDB82B381D50005AA332 /* Build configuration list for PBXNativeTarget "MyLearnOpenGLOnMac" */ = {
			isa = XCConfigurationList;
			buildConfigurations = (
				1B98FDB92B381D50005AA332 /* Debug */,
				1B98FDBA2B381D50005AA332 /* Release */,
			);
			defaultConfigurationIsVisible = 0;
			defaultConfigurationName = Release;
		};
/* End XCConfigurationList section */
	};
	rootObject = 1B98FDA92B381D50005AA332 /* Project object */;
}
